
Microsoft Visual Studio Solution File, Format Version 12.00
# Visual Studio 15
VisualStudioVersion = 15.0.26430.6
MinimumVisualStudioVersion = 10.0.40219.1
Project("{FAE04EC0-301F-11D3-BF4B-00C04F79EFBC}") = "OnePiece WebRipper", "OnePiece WebRipper\OnePiece WebRipper.csproj", "{E0CDD951-4A7D-4550-BDFB-E7FBDF05B1F9}"
EndProject
Project("{FAE04EC0-301F-11D3-BF4B-00C04F79EFBC}") = "RipLib", "RipLib\RipLib.csproj", "{E3FD65DB-7308-4929-9D0B-6D5629D910EC}"
EndProject
Global
	GlobalSection(SolutionConfigurationPlatforms) = preSolution
		Debug|Any CPU = Debug|Any CPU
		Release|Any CPU = Release|Any CPU
	EndGlobalSection
	GlobalSection(ProjectConfigurationPlatforms) = postSolution
		{E0CDD951-4A7D-4550-BDFB-E7FBDF05B1F9}.Debug|Any CPU.ActiveCfg = Debug|Any CPU
		{E0CDD951-4A7D-4550-BDFB-E7FBDF05B1F9}.Debug|Any CPU.Build.0 = Debug|Any CPU
		{E0CDD951-4A7D-4550-BDFB-E7FBDF05B1F9}.Release|Any CPU.ActiveCfg = Release|Any CPU
		{E0CDD951-4A7D-4550-BDFB-E7FBDF05B1F9}.Release|Any CPU.Build.0 = Release|Any CPU
		{E3FD65DB-7308-4929-9D0B-6D5629D910EC}.Debug|Any CPU.ActiveCfg = Debug|Any CPU
		{E3FD65DB-7308-4929-9D0B-6D5629D910EC}.Debug|Any CPU.Build.0 = Debug|Any CPU
		{E3FD65DB-7308-4929-9D0B-6D5629D910EC}.Release|Any CPU.ActiveCfg = Release|Any CPU
		{E3FD65DB-7308-4929-9D0B-6D5629D910EC}.Release|Any CPU.Build.0 = Release|Any CPU
	EndGlobalSection
	GlobalSection(SolutionProperties) = preSolution
		HideSolutionNode = FALSE
	EndGlobalSection
EndGlobal
